// !$*UTF8*$!
{
	archiveVersion = 1;
	classes = {
	};
	objectVersion = 48;
	objects = {

/* Begin PBXBuildFile section */
		384186E720189B8B00528D21 /* BaseData.swift in Sources */ = {isa = PBXBuildFile; fileRef = 384186E620189B8B00528D21 /* BaseData.swift */; };
		384186EA2018B4D000528D21 /* BaseViewControllerProtocol.swift in Sources */ = {isa = PBXBuildFile; fileRef = 384186E92018B4D000528D21 /* BaseViewControllerProtocol.swift */; };
		384186ED2018B8BE00528D21 /* BaseComponent.swift in Sources */ = {isa = PBXBuildFile; fileRef = 384186EC2018B8BE00528D21 /* BaseComponent.swift */; };
		384186F02018B9CE00528D21 /* BaseCollectionView.xib in Resources */ = {isa = PBXBuildFile; fileRef = 384186EF2018B9CE00528D21 /* BaseCollectionView.xib */; };
		384186F22018BA0700528D21 /* BaseCollectionView.swift in Sources */ = {isa = PBXBuildFile; fileRef = 384186F12018BA0700528D21 /* BaseCollectionView.swift */; };
		384186F42018BA8B00528D21 /* BaseCollectionViewCell.swift in Sources */ = {isa = PBXBuildFile; fileRef = 384186F32018BA8B00528D21 /* BaseCollectionViewCell.swift */; };
		384186F62018BA9B00528D21 /* BaseCollectionViewCell.xib in Resources */ = {isa = PBXBuildFile; fileRef = 384186F52018BA9B00528D21 /* BaseCollectionViewCell.xib */; };
		384186FA2018C9A800528D21 /* GridLayout.swift in Sources */ = {isa = PBXBuildFile; fileRef = 384186F92018C9A800528D21 /* GridLayout.swift */; };
		384186FD2018D18100528D21 /* HomeViewController.swift in Sources */ = {isa = PBXBuildFile; fileRef = 384186FC2018D18100528D21 /* HomeViewController.swift */; };
		386CB50C201F1F36009B8F27 /* MapView.swift in Sources */ = {isa = PBXBuildFile; fileRef = 386CB50B201F1F36009B8F27 /* MapView.swift */; };
		386CB50E201F1F63009B8F27 /* MapView.xib in Resources */ = {isa = PBXBuildFile; fileRef = 386CB50D201F1F63009B8F27 /* MapView.xib */; };
		38BF935F2018825A007A4C86 /* AppDelegate.swift in Sources */ = {isa = PBXBuildFile; fileRef = 38BF935E2018825A007A4C86 /* AppDelegate.swift */; };
		38BF93662018825A007A4C86 /* Assets.xcassets in Resources */ = {isa = PBXBuildFile; fileRef = 38BF93652018825A007A4C86 /* Assets.xcassets */; };
		38BF93692018825A007A4C86 /* LaunchScreen.storyboard in Resources */ = {isa = PBXBuildFile; fileRef = 38BF93672018825A007A4C86 /* LaunchScreen.storyboard */; };
		38BF9371201882FA007A4C86 /* HomeStoryboard.storyboard in Resources */ = {isa = PBXBuildFile; fileRef = 38BF9370201882FA007A4C86 /* HomeStoryboard.storyboard */; };
		38BF937620188464007A4C86 /* BaseViewController.swift in Sources */ = {isa = PBXBuildFile; fileRef = 38BF937520188464007A4C86 /* BaseViewController.swift */; };
		6DF3AECF5F26C53D365667C0 /* Pods_FoodShare.framework in Frameworks */ = {isa = PBXBuildFile; fileRef = 424693DDD79E270F97D42F6A /* Pods_FoodShare.framework */; };
/* End PBXBuildFile section */

/* Begin PBXFileReference section */
		26C9C6AE1AA7ECCA61FDC0B8 /* Pods-FoodShare.release.xcconfig */ = {isa = PBXFileReference; includeInIndex = 1; lastKnownFileType = text.xcconfig; name = "Pods-FoodShare.release.xcconfig"; path = "Pods/Target Support Files/Pods-FoodShare/Pods-FoodShare.release.xcconfig"; sourceTree = "<group>"; };
		384186E620189B8B00528D21 /* BaseData.swift */ = {isa = PBXFileReference; lastKnownFileType = sourcecode.swift; path = BaseData.swift; sourceTree = "<group>"; };
		384186E92018B4D000528D21 /* BaseViewControllerProtocol.swift */ = {isa = PBXFileReference; lastKnownFileType = sourcecode.swift; path = BaseViewControllerProtocol.swift; sourceTree = "<group>"; };
		384186EC2018B8BE00528D21 /* BaseComponent.swift */ = {isa = PBXFileReference; lastKnownFileType = sourcecode.swift; path = BaseComponent.swift; sourceTree = "<group>"; };
		384186EF2018B9CE00528D21 /* BaseCollectionView.xib */ = {isa = PBXFileReference; lastKnownFileType = file.xib; path = BaseCollectionView.xib; sourceTree = "<group>"; };
		384186F12018BA0700528D21 /* BaseCollectionView.swift */ = {isa = PBXFileReference; lastKnownFileType = sourcecode.swift; path = BaseCollectionView.swift; sourceTree = "<group>"; };
		384186F32018BA8B00528D21 /* BaseCollectionViewCell.swift */ = {isa = PBXFileReference; lastKnownFileType = sourcecode.swift; path = BaseCollectionViewCell.swift; sourceTree = "<group>"; };
		384186F52018BA9B00528D21 /* BaseCollectionViewCell.xib */ = {isa = PBXFileReference; lastKnownFileType = file.xib; path = BaseCollectionViewCell.xib; sourceTree = "<group>"; };
		384186F92018C9A800528D21 /* GridLayout.swift */ = {isa = PBXFileReference; lastKnownFileType = sourcecode.swift; path = GridLayout.swift; sourceTree = "<group>"; };
		384186FC2018D18100528D21 /* HomeViewController.swift */ = {isa = PBXFileReference; lastKnownFileType = sourcecode.swift; path = HomeViewController.swift; sourceTree = "<group>"; };
		386CB50B201F1F36009B8F27 /* MapView.swift */ = {isa = PBXFileReference; lastKnownFileType = sourcecode.swift; path = MapView.swift; sourceTree = "<group>"; };
		386CB50D201F1F63009B8F27 /* MapView.xib */ = {isa = PBXFileReference; lastKnownFileType = file.xib; path = MapView.xib; sourceTree = "<group>"; };
		38BF935B2018825A007A4C86 /* FoodShare.app */ = {isa = PBXFileReference; explicitFileType = wrapper.application; includeInIndex = 0; path = FoodShare.app; sourceTree = BUILT_PRODUCTS_DIR; };
		38BF935E2018825A007A4C86 /* AppDelegate.swift */ = {isa = PBXFileReference; lastKnownFileType = sourcecode.swift; path = AppDelegate.swift; sourceTree = "<group>"; };
		38BF93652018825A007A4C86 /* Assets.xcassets */ = {isa = PBXFileReference; lastKnownFileType = folder.assetcatalog; path = Assets.xcassets; sourceTree = "<group>"; };
		38BF93682018825A007A4C86 /* Base */ = {isa = PBXFileReference; lastKnownFileType = file.storyboard; name = Base; path = Base.lproj/LaunchScreen.storyboard; sourceTree = "<group>"; };
		38BF936A2018825A007A4C86 /* Info.plist */ = {isa = PBXFileReference; lastKnownFileType = text.plist.xml; path = Info.plist; sourceTree = "<group>"; };
		38BF9370201882FA007A4C86 /* HomeStoryboard.storyboard */ = {isa = PBXFileReference; lastKnownFileType = file.storyboard; path = HomeStoryboard.storyboard; sourceTree = "<group>"; };
		38BF937520188464007A4C86 /* BaseViewController.swift */ = {isa = PBXFileReference; lastKnownFileType = sourcecode.swift; path = BaseViewController.swift; sourceTree = "<group>"; };
		424693DDD79E270F97D42F6A /* Pods_FoodShare.framework */ = {isa = PBXFileReference; explicitFileType = wrapper.framework; includeInIndex = 0; path = Pods_FoodShare.framework; sourceTree = BUILT_PRODUCTS_DIR; };
		A22454599125680F8E2BBA5B /* Pods-FoodShare.debug.xcconfig */ = {isa = PBXFileReference; includeInIndex = 1; lastKnownFileType = text.xcconfig; name = "Pods-FoodShare.debug.xcconfig"; path = "Pods/Target Support Files/Pods-FoodShare/Pods-FoodShare.debug.xcconfig"; sourceTree = "<group>"; };
/* End PBXFileReference section */

/* Begin PBXFrameworksBuildPhase section */
		38BF93582018825A007A4C86 /* Frameworks */ = {
			isa = PBXFrameworksBuildPhase;
			buildActionMask = 2147483647;
			files = (
				6DF3AECF5F26C53D365667C0 /* Pods_FoodShare.framework in Frameworks */,
			);
			runOnlyForDeploymentPostprocessing = 0;
		};
/* End PBXFrameworksBuildPhase section */

/* Begin PBXGroup section */
		384186E820189B9000528D21 /* data */ = {
			isa = PBXGroup;
			children = (
				384186E620189B8B00528D21 /* BaseData.swift */,
			);
			path = data;
			sourceTree = "<group>";
		};
		384186EB2018B5AB00528D21 /* protocols */ = {
			isa = PBXGroup;
			children = (
				384186E92018B4D000528D21 /* BaseViewControllerProtocol.swift */,
			);
			path = protocols;
			sourceTree = "<group>";
		};
		384186EE2018B8C200528D21 /* component */ = {
			isa = PBXGroup;
			children = (
				384186EC2018B8BE00528D21 /* BaseComponent.swift */,
				386CB50F201F1F75009B8F27 /* map */,
				384186F72018BACE00528D21 /* collection view */,
			);
			path = component;
			sourceTree = "<group>";
		};
		384186F72018BACE00528D21 /* collection view */ = {
			isa = PBXGroup;
			children = (
				384186F82018BADD00528D21 /* cell */,
				384186FB2018C9AC00528D21 /* layout */,
				384186F12018BA0700528D21 /* BaseCollectionView.swift */,
				384186EF2018B9CE00528D21 /* BaseCollectionView.xib */,
			);
			path = "collection view";
			sourceTree = "<group>";
		};
		384186F82018BADD00528D21 /* cell */ = {
			isa = PBXGroup;
			children = (
				384186F32018BA8B00528D21 /* BaseCollectionViewCell.swift */,
				384186F52018BA9B00528D21 /* BaseCollectionViewCell.xib */,
			);
			path = cell;
			sourceTree = "<group>";
		};
		384186FB2018C9AC00528D21 /* layout */ = {
			isa = PBXGroup;
			children = (
				384186F92018C9A800528D21 /* GridLayout.swift */,
			);
			path = layout;
			sourceTree = "<group>";
		};
		386CB50F201F1F75009B8F27 /* map */ = {
			isa = PBXGroup;
			children = (
				386CB50B201F1F36009B8F27 /* MapView.swift */,
				386CB50D201F1F63009B8F27 /* MapView.xib */,
			);
			path = map;
			sourceTree = "<group>";
		};
		38BF93522018825A007A4C86 = {
			isa = PBXGroup;
			children = (
				38BF935D2018825A007A4C86 /* FoodShare */,
				38BF935C2018825A007A4C86 /* Products */,
				E80219640817475BADCADCA3 /* Pods */,
				512C05C29B0464863AD5463E /* Frameworks */,
			);
			sourceTree = "<group>";
		};
		38BF935C2018825A007A4C86 /* Products */ = {
			isa = PBXGroup;
			children = (
				38BF935B2018825A007A4C86 /* FoodShare.app */,
			);
			name = Products;
			sourceTree = "<group>";
		};
		38BF935D2018825A007A4C86 /* FoodShare */ = {
			isa = PBXGroup;
			children = (
				38BF937720188469007A4C86 /* Base */,
				38BF937420188453007A4C86 /* home */,
				38BF93652018825A007A4C86 /* Assets.xcassets */,
				38BF93672018825A007A4C86 /* LaunchScreen.storyboard */,
				38BF936A2018825A007A4C86 /* Info.plist */,
				38BF935E2018825A007A4C86 /* AppDelegate.swift */,
			);
			path = FoodShare;
			sourceTree = "<group>";
		};
		38BF937420188453007A4C86 /* home */ = {
			isa = PBXGroup;
			children = (
				38BF9370201882FA007A4C86 /* HomeStoryboard.storyboard */,
				384186FC2018D18100528D21 /* HomeViewController.swift */,
			);
			path = home;
			sourceTree = "<group>";
		};
		38BF937720188469007A4C86 /* Base */ = {
			isa = PBXGroup;
			children = (
				38BF937520188464007A4C86 /* BaseViewController.swift */,
				384186E820189B9000528D21 /* data */,
				384186EB2018B5AB00528D21 /* protocols */,
				384186EE2018B8C200528D21 /* component */,
			);
			path = Base;
			sourceTree = "<group>";
		};
		512C05C29B0464863AD5463E /* Frameworks */ = {
			isa = PBXGroup;
			children = (
				424693DDD79E270F97D42F6A /* Pods_FoodShare.framework */,
			);
			name = Frameworks;
			sourceTree = "<group>";
		};
		E80219640817475BADCADCA3 /* Pods */ = {
			isa = PBXGroup;
			children = (
				A22454599125680F8E2BBA5B /* Pods-FoodShare.debug.xcconfig */,
				26C9C6AE1AA7ECCA61FDC0B8 /* Pods-FoodShare.release.xcconfig */,
			);
			name = Pods;
			sourceTree = "<group>";
		};
/* End PBXGroup section */

/* Begin PBXNativeTarget section */
		38BF935A2018825A007A4C86 /* FoodShare */ = {
			isa = PBXNativeTarget;
			buildConfigurationList = 38BF936D2018825A007A4C86 /* Build configuration list for PBXNativeTarget "FoodShare" */;
			buildPhases = (
				A725B41DB21F3CFD2344AF9A /* [CP] Check Pods Manifest.lock */,
				38BF93572018825A007A4C86 /* Sources */,
				38BF93582018825A007A4C86 /* Frameworks */,
				38BF93592018825A007A4C86 /* Resources */,
				300D14DB5417CA83E8F3460D /* [CP] Embed Pods Frameworks */,
				9AFA22CEE9D06E750E756CC5 /* [CP] Copy Pods Resources */,
			);
			buildRules = (
			);
			dependencies = (
			);
			name = FoodShare;
			productName = FoodShare;
			productReference = 38BF935B2018825A007A4C86 /* FoodShare.app */;
			productType = "com.apple.product-type.application";
		};
/* End PBXNativeTarget section */

/* Begin PBXProject section */
		38BF93532018825A007A4C86 /* Project object */ = {
			isa = PBXProject;
			attributes = {
				LastSwiftUpdateCheck = 0920;
				LastUpgradeCheck = 0920;
				ORGANIZATIONNAME = "Lazar Andonov";
				TargetAttributes = {
					38BF935A2018825A007A4C86 = {
						CreatedOnToolsVersion = 9.2;
						ProvisioningStyle = Automatic;
					};
				};
			};
			buildConfigurationList = 38BF93562018825A007A4C86 /* Build configuration list for PBXProject "FoodShare" */;
			compatibilityVersion = "Xcode 8.0";
			developmentRegion = en;
			hasScannedForEncodings = 0;
			knownRegions = (
				en,
				Base,
			);
			mainGroup = 38BF93522018825A007A4C86;
			productRefGroup = 38BF935C2018825A007A4C86 /* Products */;
			projectDirPath = "";
			projectRoot = "";
			targets = (
				38BF935A2018825A007A4C86 /* FoodShare */,
			);
		};
/* End PBXProject section */

/* Begin PBXResourcesBuildPhase section */
		38BF93592018825A007A4C86 /* Resources */ = {
			isa = PBXResourcesBuildPhase;
			buildActionMask = 2147483647;
			files = (
				38BF9371201882FA007A4C86 /* HomeStoryboard.storyboard in Resources */,
				384186F02018B9CE00528D21 /* BaseCollectionView.xib in Resources */,
				38BF93692018825A007A4C86 /* LaunchScreen.storyboard in Resources */,
				386CB50E201F1F63009B8F27 /* MapView.xib in Resources */,
				384186F62018BA9B00528D21 /* BaseCollectionViewCell.xib in Resources */,
				38BF93662018825A007A4C86 /* Assets.xcassets in Resources */,
			);
			runOnlyForDeploymentPostprocessing = 0;
		};
/* End PBXResourcesBuildPhase section */

/* Begin PBXShellScriptBuildPhase section */
		300D14DB5417CA83E8F3460D /* [CP] Embed Pods Frameworks */ = {
			isa = PBXShellScriptBuildPhase;
			buildActionMask = 2147483647;
			files = (
			);
			inputPaths = (
				"${SRCROOT}/Pods/Target Support Files/Pods-FoodShare/Pods-FoodShare-frameworks.sh",
				"${BUILT_PRODUCTS_DIR}/Alamofire/Alamofire.framework",
				"${BUILT_PRODUCTS_DIR}/SwiftyJSON/SwiftyJSON.framework",
			);
			name = "[CP] Embed Pods Frameworks";
			outputPaths = (
				"${TARGET_BUILD_DIR}/${FRAMEWORKS_FOLDER_PATH}/Alamofire.framework",
				"${TARGET_BUILD_DIR}/${FRAMEWORKS_FOLDER_PATH}/SwiftyJSON.framework",
			);
			runOnlyForDeploymentPostprocessing = 0;
			shellPath = /bin/sh;
			shellScript = "\"${SRCROOT}/Pods/Target Support Files/Pods-FoodShare/Pods-FoodShare-frameworks.sh\"\n";
			showEnvVarsInLog = 0;
		};
		9AFA22CEE9D06E750E756CC5 /* [CP] Copy Pods Resources */ = {
			isa = PBXShellScriptBuildPhase;
			buildActionMask = 2147483647;
			files = (
			);
			inputPaths = (
			);
			name = "[CP] Copy Pods Resources";
			outputPaths = (
			);
			runOnlyForDeploymentPostprocessing = 0;
			shellPath = /bin/sh;
			shellScript = "\"${SRCROOT}/Pods/Target Support Files/Pods-FoodShare/Pods-FoodShare-resources.sh\"\n";
			showEnvVarsInLog = 0;
		};
		A725B41DB21F3CFD2344AF9A /* [CP] Check Pods Manifest.lock */ = {
			isa = PBXShellScriptBuildPhase;
			buildActionMask = 2147483647;
			files = (
			);
			inputPaths = (
				"${PODS_PODFILE_DIR_PATH}/Podfile.lock",
				"${PODS_ROOT}/Manifest.lock",
			);
			name = "[CP] Check Pods Manifest.lock";
			outputPaths = (
				"$(DERIVED_FILE_DIR)/Pods-FoodShare-checkManifestLockResult.txt",
			);
			runOnlyForDeploymentPostprocessing = 0;
			shellPath = /bin/sh;
			shellScript = "diff \"${PODS_PODFILE_DIR_PATH}/Podfile.lock\" \"${PODS_ROOT}/Manifest.lock\" > /dev/null\nif [ $? != 0 ] ; then\n    # print error to STDERR\n    echo \"error: The sandbox is not in sync with the Podfile.lock. Run 'pod install' or update your CocoaPods installation.\" >&2\n    exit 1\nfi\n# This output is used by Xcode 'outputs' to avoid re-running this script phase.\necho \"SUCCESS\" > \"${SCRIPT_OUTPUT_FILE_0}\"\n";
			showEnvVarsInLog = 0;
		};
/* End PBXShellScriptBuildPhase section */

/* Begin PBXSourcesBuildPhase section */
		38BF93572018825A007A4C86 /* Sources */ = {
			isa = PBXSourcesBuildPhase;
			buildActionMask = 2147483647;
			files = (
				384186F22018BA0700528D21 /* BaseCollectionView.swift in Sources */,
				384186F42018BA8B00528D21 /* BaseCollectionViewCell.swift in Sources */,
				384186ED2018B8BE00528D21 /* BaseComponent.swift in Sources */,
				384186EA2018B4D000528D21 /* BaseViewControllerProtocol.swift in Sources */,
				38BF935F2018825A007A4C86 /* AppDelegate.swift in Sources */,
				384186FD2018D18100528D21 /* HomeViewController.swift in Sources */,
				384186FA2018C9A800528D21 /* GridLayout.swift in Sources */,
				386CB50C201F1F36009B8F27 /* MapView.swift in Sources */,
				384186E720189B8B00528D21 /* BaseData.swift in Sources */,
				38BF937620188464007A4C86 /* BaseViewController.swift in Sources */,
			);
			runOnlyForDeploymentPostprocessing = 0;
		};
/* End PBXSourcesBuildPhase section */

/* Begin PBXVariantGroup section */
		38BF93672018825A007A4C86 /* LaunchScreen.storyboard */ = {
			isa = PBXVariantGroup;
			children = (
				38BF93682018825A007A4C86 /* Base */,
			);
			name = LaunchScreen.storyboard;
			sourceTree = "<group>";
		};
/* End PBXVariantGroup section */

/* Begin XCBuildConfiguration section */
		38BF936B2018825A007A4C86 /* Debug */ = {
			isa = XCBuildConfiguration;
			buildSettings = {
				ALWAYS_SEARCH_USER_PATHS = NO;
				CLANG_ANALYZER_NONNULL = YES;
				CLANG_ANALYZER_NUMBER_OBJECT_CONVERSION = YES_AGGRESSIVE;
				CLANG_CXX_LANGUAGE_STANDARD = "gnu++14";
				CLANG_CXX_LIBRARY = "libc++";
				CLANG_ENABLE_MODULES = YES;
				CLANG_ENABLE_OBJC_ARC = YES;
				CLANG_WARN_BLOCK_CAPTURE_AUTORELEASING = YES;
				CLANG_WARN_BOOL_CONVERSION = YES;
				CLANG_WARN_COMMA = YES;
				CLANG_WARN_CONSTANT_CONVERSION = YES;
				CLANG_WARN_DIRECT_OBJC_ISA_USAGE = YES_ERROR;
				CLANG_WARN_DOCUMENTATION_COMMENTS = YES;
				CLANG_WARN_EMPTY_BODY = YES;
				CLANG_WARN_ENUM_CONVERSION = YES;
				CLANG_WARN_INFINITE_RECURSION = YES;
				CLANG_WARN_INT_CONVERSION = YES;
				CLANG_WARN_NON_LITERAL_NULL_CONVERSION = YES;
				CLANG_WARN_OBJC_LITERAL_CONVERSION = YES;
				CLANG_WARN_OBJC_ROOT_CLASS = YES_ERROR;
				CLANG_WARN_RANGE_LOOP_ANALYSIS = YES;
				CLANG_WARN_STRICT_PROTOTYPES = YES;
				CLANG_WARN_SUSPICIOUS_MOVE = YES;
				CLANG_WARN_UNGUARDED_AVAILABILITY = YES_AGGRESSIVE;
				CLANG_WARN_UNREACHABLE_CODE = YES;
				CLANG_WARN__DUPLICATE_METHOD_MATCH = YES;
				CODE_SIGN_IDENTITY = "iPhone Developer";
				COPY_PHASE_STRIP = NO;
				DEBUG_INFORMATION_FORMAT = dwarf;
				ENABLE_STRICT_OBJC_MSGSEND = YES;
				ENABLE_TESTABILITY = YES;
				GCC_C_LANGUAGE_STANDARD = gnu11;
				GCC_DYNAMIC_NO_PIC = NO;
				GCC_NO_COMMON_BLOCKS = YES;
				GCC_OPTIMIZATION_LEVEL = 0;
				GCC_PREPROCESSOR_DEFINITIONS = (
					"DEBUG=1",
					"$(inherited)",
				);
				GCC_WARN_64_TO_32_BIT_CONVERSION = YES;
				GCC_WARN_ABOUT_RETURN_TYPE = YES_ERROR;
				GCC_WARN_UNDECLARED_SELECTOR = YES;
				GCC_WARN_UNINITIALIZED_AUTOS = YES_AGGRESSIVE;
				GCC_WARN_UNUSED_FUNCTION = YES;
				GCC_WARN_UNUSED_VARIABLE = YES;
				IPHONEOS_DEPLOYMENT_TARGET = 11.2;
				MTL_ENABLE_DEBUG_INFO = YES;
				ONLY_ACTIVE_ARCH = YES;
				SDKROOT = iphoneos;
				SWIFT_ACTIVE_COMPILATION_CONDITIONS = DEBUG;
				SWIFT_OPTIMIZATION_LEVEL = "-Onone";
			};
			name = Debug;
		};
		38BF936C2018825A007A4C86 /* Release */ = {
			isa = XCBuildConfiguration;
			buildSettings = {
				ALWAYS_SEARCH_USER_PATHS = NO;
				CLANG_ANALYZER_NONNULL = YES;
				CLANG_ANALYZER_NUMBER_OBJECT_CONVERSION = YES_AGGRESSIVE;
				CLANG_CXX_LANGUAGE_STANDARD = "gnu++14";
				CLANG_CXX_LIBRARY = "libc++";
				CLANG_ENABLE_MODULES = YES;
				CLANG_ENABLE_OBJC_ARC = YES;
				CLANG_WARN_BLOCK_CAPTURE_AUTORELEASING = YES;
				CLANG_WARN_BOOL_CONVERSION = YES;
				CLANG_WARN_COMMA = YES;
				CLANG_WARN_CONSTANT_CONVERSION = YES;
				CLANG_WARN_DIRECT_OBJC_ISA_USAGE = YES_ERROR;
				CLANG_WARN_DOCUMENTATION_COMMENTS = YES;
				CLANG_WARN_EMPTY_BODY = YES;
				CLANG_WARN_ENUM_CONVERSION = YES;
				CLANG_WARN_INFINITE_RECURSION = YES;
				CLANG_WARN_INT_CONVERSION = YES;
				CLANG_WARN_NON_LITERAL_NULL_CONVERSION = YES;
				CLANG_WARN_OBJC_LITERAL_CONVERSION = YES;
				CLANG_WARN_OBJC_ROOT_CLASS = YES_ERROR;
				CLANG_WARN_RANGE_LOOP_ANALYSIS = YES;
				CLANG_WARN_STRICT_PROTOTYPES = YES;
				CLANG_WARN_SUSPICIOUS_MOVE = YES;
				CLANG_WARN_UNGUARDED_AVAILABILITY = YES_AGGRESSIVE;
				CLANG_WARN_UNREACHABLE_CODE = YES;
				CLANG_WARN__DUPLICATE_METHOD_MATCH = YES;
				CODE_SIGN_IDENTITY = "iPhone Developer";
				COPY_PHASE_STRIP = NO;
				DEBUG_INFORMATION_FORMAT = "dwarf-with-dsym";
				ENABLE_NS_ASSERTIONS = NO;
				ENABLE_STRICT_OBJC_MSGSEND = YES;
				GCC_C_LANGUAGE_STANDARD = gnu11;
				GCC_NO_COMMON_BLOCKS = YES;
				GCC_WARN_64_TO_32_BIT_CONVERSION = YES;
				GCC_WARN_ABOUT_RETURN_TYPE = YES_ERROR;
				GCC_WARN_UNDECLARED_SELECTOR = YES;
				GCC_WARN_UNINITIALIZED_AUTOS = YES_AGGRESSIVE;
				GCC_WARN_UNUSED_FUNCTION = YES;
				GCC_WARN_UNUSED_VARIABLE = YES;
				IPHONEOS_DEPLOYMENT_TARGET = 11.2;
				MTL_ENABLE_DEBUG_INFO = NO;
				SDKROOT = iphoneos;
				SWIFT_OPTIMIZATION_LEVEL = "-Owholemodule";
				VALIDATE_PRODUCT = YES;
			};
			name = Release;
		};
		38BF936E2018825A007A4C86 /* Debug */ = {
			isa = XCBuildConfiguration;
			baseConfigurationReference = A22454599125680F8E2BBA5B /* Pods-FoodShare.debug.xcconfig */;
			buildSettings = {
				ASSETCATALOG_COMPILER_APPICON_NAME = AppIcon;
				CODE_SIGN_STYLE = Automatic;
				DEVELOPMENT_TEAM = E8796QJ873;
				INFOPLIST_FILE = FoodShare/Info.plist;
				LD_RUNPATH_SEARCH_PATHS = "$(inherited) @executable_path/Frameworks";
				PRODUCT_BUNDLE_IDENTIFIER = str8.FoodShare;
				PRODUCT_NAME = "$(TARGET_NAME)";
				SWIFT_VERSION = 4.0;
				TARGETED_DEVICE_FAMILY = "1,2";
			};
			name = Debug;
		};
		38BF936F2018825A007A4C86 /* Release */ = {
			isa = XCBuildConfiguration;
			baseConfigurationReference = 26C9C6AE1AA7ECCA61FDC0B8 /* Pods-FoodShare.release.xcconfig */;
			buildSettings = {
				ASSETCATALOG_COMPILER_APPICON_NAME = AppIcon;
				CODE_SIGN_STYLE = Automatic;
				DEVELOPMENT_TEAM = E8796QJ873;
				INFOPLIST_FILE = FoodShare/Info.plist;
				LD_RUNPATH_SEARCH_PATHS = "$(inherited) @executable_path/Frameworks";
				PRODUCT_BUNDLE_IDENTIFIER = str8.FoodShare;
				PRODUCT_NAME = "$(TARGET_NAME)";
				SWIFT_VERSION = 4.0;
				TARGETED_DEVICE_FAMILY = "1,2";
			};
			name = Release;
		};
/* End XCBuildConfiguration section */

/* Begin XCConfigurationList section */
		38BF93562018825A007A4C86 /* Build configuration list for PBXProject "FoodShare" */ = {
			isa = XCConfigurationList;
			buildConfigurations = (
				38BF936B2018825A007A4C86 /* Debug */,
				38BF936C2018825A007A4C86 /* Release */,
			);
			defaultConfigurationIsVisible = 0;
			defaultConfigurationName = Release;
		};
		38BF936D2018825A007A4C86 /* Build configuration list for PBXNativeTarget "FoodShare" */ = {
			isa = XCConfigurationList;
			buildConfigurations = (
				38BF936E2018825A007A4C86 /* Debug */,
				38BF936F2018825A007A4C86 /* Release */,
			);
			defaultConfigurationIsVisible = 0;
			defaultConfigurationName = Release;
		};
/* End XCConfigurationList section */
	};
	rootObject = 38BF93532018825A007A4C86 /* Project object */;
}
